
Microsoft Visual Studio Solution File, Format Version 12.00
# Visual Studio Version 17
VisualStudioVersion = 17.0.31919.166
MinimumVisualStudioVersion = 10.0.40219.1
Project("{FAE04EC0-301F-11D3-BF4B-00C04F79EFBC}") = "ClassLibrary5", "ClassLibrary5\ClassLibrary5.csproj", "{6C14B28F-73D6-45CF-BB33-B2080D5E3594}"
EndProject
Global
	GlobalSection(SolutionConfigurationPlatforms) = preSolution
		Debug|Any CPU = Debug|Any CPU
		Release|Any CPU = Release|Any CPU
	EndGlobalSection
	GlobalSection(ProjectConfigurationPlatforms) = postSolution
		{6C14B28F-73D6-45CF-BB33-B2080D5E3594}.Debug|Any CPU.ActiveCfg = Debug|Any CPU
		{6C14B28F-73D6-45CF-BB33-B2080D5E3594}.Debug|Any CPU.Build.0 = Debug|Any CPU
		{6C14B28F-73D6-45CF-BB33-B2080D5E3594}.Release|Any CPU.ActiveCfg = Release|Any CPU
		{6C14B28F-73D6-45CF-BB33-B2080D5E3594}.Release|Any CPU.Build.0 = Release|Any CPU
	EndGlobalSection
	GlobalSection(SolutionProperties) = preSolution
		HideSolutionNode = FALSE
	EndGlobalSection
	GlobalSection(ExtensibilityGlobals) = postSolution
		SolutionGuid = {6BA33B29-4A0F-485C-B94C-39399C105196}
	EndGlobalSection
EndGlobal
